// !$*UTF8*$!
{
	archiveVersion = 1;
	classes = {
	};
	objectVersion = 50;
	objects = {

/* Begin PBXBuildFile section */
		08158BB024CB7B5A0002F0C2 /* MyVeggiesApp.swift in Sources */ = {isa = PBXBuildFile; fileRef = 08158B9D24CB7B590002F0C2 /* MyVeggiesApp.swift */; };
		08158BB124CB7B5A0002F0C2 /* MyVeggiesApp.swift in Sources */ = {isa = PBXBuildFile; fileRef = 08158B9D24CB7B590002F0C2 /* MyVeggiesApp.swift */; };
		08158BB224CB7B5A0002F0C2 /* ContentView.swift in Sources */ = {isa = PBXBuildFile; fileRef = 08158B9E24CB7B590002F0C2 /* ContentView.swift */; };
		08158BB324CB7B5A0002F0C2 /* ContentView.swift in Sources */ = {isa = PBXBuildFile; fileRef = 08158B9E24CB7B590002F0C2 /* ContentView.swift */; };
		08158BB424CB7B5A0002F0C2 /* Assets.xcassets in Resources */ = {isa = PBXBuildFile; fileRef = 08158B9F24CB7B5A0002F0C2 /* Assets.xcassets */; };
		08158BB524CB7B5A0002F0C2 /* Assets.xcassets in Resources */ = {isa = PBXBuildFile; fileRef = 08158B9F24CB7B5A0002F0C2 /* Assets.xcassets */; };
		08158BBF24CB7B910002F0C2 /* Article.swift in Sources */ = {isa = PBXBuildFile; fileRef = 08158BBE24CB7B910002F0C2 /* Article.swift */; };
		08158BC024CB7B910002F0C2 /* Article.swift in Sources */ = {isa = PBXBuildFile; fileRef = 08158BBE24CB7B910002F0C2 /* Article.swift */; };
		08158BC224CB7BA90002F0C2 /* CategoryType.swift in Sources */ = {isa = PBXBuildFile; fileRef = 08158BC124CB7BA90002F0C2 /* CategoryType.swift */; };
		08158BC324CB7BA90002F0C2 /* CategoryType.swift in Sources */ = {isa = PBXBuildFile; fileRef = 08158BC124CB7BA90002F0C2 /* CategoryType.swift */; };
		08158BC524CB7BC10002F0C2 /* Datas.swift in Sources */ = {isa = PBXBuildFile; fileRef = 08158BC424CB7BC10002F0C2 /* Datas.swift */; };
		08158BC624CB7BC10002F0C2 /* Datas.swift in Sources */ = {isa = PBXBuildFile; fileRef = 08158BC424CB7BC10002F0C2 /* Datas.swift */; };
		08158BC824CB7C140002F0C2 /* BottomItemView.swift in Sources */ = {isa = PBXBuildFile; fileRef = 08158BC724CB7C140002F0C2 /* BottomItemView.swift */; };
		08158BC924CB7C140002F0C2 /* BottomItemView.swift in Sources */ = {isa = PBXBuildFile; fileRef = 08158BC724CB7C140002F0C2 /* BottomItemView.swift */; };
		08158BCB24CB7D090002F0C2 /* BottomView.swift in Sources */ = {isa = PBXBuildFile; fileRef = 08158BCA24CB7D090002F0C2 /* BottomView.swift */; };
		08158BCC24CB7D090002F0C2 /* BottomView.swift in Sources */ = {isa = PBXBuildFile; fileRef = 08158BCA24CB7D090002F0C2 /* BottomView.swift */; };
		08158BCE24CB7EC00002F0C2 /* GridItemView.swift in Sources */ = {isa = PBXBuildFile; fileRef = 08158BCD24CB7EC00002F0C2 /* GridItemView.swift */; };
		08158BCF24CB7EC00002F0C2 /* GridItemView.swift in Sources */ = {isa = PBXBuildFile; fileRef = 08158BCD24CB7EC00002F0C2 /* GridItemView.swift */; };
		08158BD124CB7F890002F0C2 /* GridView.swift in Sources */ = {isa = PBXBuildFile; fileRef = 08158BD024CB7F890002F0C2 /* GridView.swift */; };
		08158BD224CB7F890002F0C2 /* GridView.swift in Sources */ = {isa = PBXBuildFile; fileRef = 08158BD024CB7F890002F0C2 /* GridView.swift */; };
/* End PBXBuildFile section */

/* Begin PBXFileReference section */
		08158B9D24CB7B590002F0C2 /* MyVeggiesApp.swift */ = {isa = PBXFileReference; lastKnownFileType = sourcecode.swift; path = MyVeggiesApp.swift; sourceTree = "<group>"; };
		08158B9E24CB7B590002F0C2 /* ContentView.swift */ = {isa = PBXFileReference; lastKnownFileType = sourcecode.swift; path = ContentView.swift; sourceTree = "<group>"; };
		08158B9F24CB7B5A0002F0C2 /* Assets.xcassets */ = {isa = PBXFileReference; lastKnownFileType = folder.assetcatalog; path = Assets.xcassets; sourceTree = "<group>"; };
		08158BA424CB7B5A0002F0C2 /* MyVeggies.app */ = {isa = PBXFileReference; explicitFileType = wrapper.application; includeInIndex = 0; path = MyVeggies.app; sourceTree = BUILT_PRODUCTS_DIR; };
		08158BA724CB7B5A0002F0C2 /* Info.plist */ = {isa = PBXFileReference; lastKnownFileType = text.plist.xml; path = Info.plist; sourceTree = "<group>"; };
		08158BAC24CB7B5A0002F0C2 /* MyVeggies.app */ = {isa = PBXFileReference; explicitFileType = wrapper.application; includeInIndex = 0; path = MyVeggies.app; sourceTree = BUILT_PRODUCTS_DIR; };
		08158BAE24CB7B5A0002F0C2 /* Info.plist */ = {isa = PBXFileReference; lastKnownFileType = text.plist.xml; path = Info.plist; sourceTree = "<group>"; };
		08158BAF24CB7B5A0002F0C2 /* macOS.entitlements */ = {isa = PBXFileReference; lastKnownFileType = text.plist.entitlements; path = macOS.entitlements; sourceTree = "<group>"; };
		08158BBE24CB7B910002F0C2 /* Article.swift */ = {isa = PBXFileReference; lastKnownFileType = sourcecode.swift; path = Article.swift; sourceTree = "<group>"; };
		08158BC124CB7BA90002F0C2 /* CategoryType.swift */ = {isa = PBXFileReference; lastKnownFileType = sourcecode.swift; path = CategoryType.swift; sourceTree = "<group>"; };
		08158BC424CB7BC10002F0C2 /* Datas.swift */ = {isa = PBXFileReference; lastKnownFileType = sourcecode.swift; path = Datas.swift; sourceTree = "<group>"; };
		08158BC724CB7C140002F0C2 /* BottomItemView.swift */ = {isa = PBXFileReference; lastKnownFileType = sourcecode.swift; path = BottomItemView.swift; sourceTree = "<group>"; };
		08158BCA24CB7D090002F0C2 /* BottomView.swift */ = {isa = PBXFileReference; lastKnownFileType = sourcecode.swift; path = BottomView.swift; sourceTree = "<group>"; };
		08158BCD24CB7EC00002F0C2 /* GridItemView.swift */ = {isa = PBXFileReference; lastKnownFileType = sourcecode.swift; path = GridItemView.swift; sourceTree = "<group>"; };
		08158BD024CB7F890002F0C2 /* GridView.swift */ = {isa = PBXFileReference; lastKnownFileType = sourcecode.swift; path = GridView.swift; sourceTree = "<group>"; };
/* End PBXFileReference section */

/* Begin PBXFrameworksBuildPhase section */
		08158BA124CB7B5A0002F0C2 /* Frameworks */ = {
			isa = PBXFrameworksBuildPhase;
			buildActionMask = 2147483647;
			files = (
			);
			runOnlyForDeploymentPostprocessing = 0;
		};
		08158BA924CB7B5A0002F0C2 /* Frameworks */ = {
			isa = PBXFrameworksBuildPhase;
			buildActionMask = 2147483647;
			files = (
			);
			runOnlyForDeploymentPostprocessing = 0;
		};
/* End PBXFrameworksBuildPhase section */

/* Begin PBXGroup section */
		08158B9724CB7B580002F0C2 = {
			isa = PBXGroup;
			children = (
				08158B9C24CB7B590002F0C2 /* Shared */,
				08158BA624CB7B5A0002F0C2 /* iOS */,
				08158BAD24CB7B5A0002F0C2 /* macOS */,
				08158BA524CB7B5A0002F0C2 /* Products */,
			);
			sourceTree = "<group>";
		};
		08158B9C24CB7B590002F0C2 /* Shared */ = {
			isa = PBXGroup;
			children = (
				08158B9D24CB7B590002F0C2 /* MyVeggiesApp.swift */,
				08158B9E24CB7B590002F0C2 /* ContentView.swift */,
				08158B9F24CB7B5A0002F0C2 /* Assets.xcassets */,
				08158BBE24CB7B910002F0C2 /* Article.swift */,
				08158BC124CB7BA90002F0C2 /* CategoryType.swift */,
				08158BC424CB7BC10002F0C2 /* Datas.swift */,
				08158BC724CB7C140002F0C2 /* BottomItemView.swift */,
				08158BCA24CB7D090002F0C2 /* BottomView.swift */,
				08158BCD24CB7EC00002F0C2 /* GridItemView.swift */,
				08158BD024CB7F890002F0C2 /* GridView.swift */,
			);
			path = Shared;
			sourceTree = "<group>";
		};
		08158BA524CB7B5A0002F0C2 /* Products */ = {
			isa = PBXGroup;
			children = (
				08158BA424CB7B5A0002F0C2 /* MyVeggies.app */,
				08158BAC24CB7B5A0002F0C2 /* MyVeggies.app */,
			);
			name = Products;
			sourceTree = "<group>";
		};
		08158BA624CB7B5A0002F0C2 /* iOS */ = {
			isa = PBXGroup;
			children = (
				08158BA724CB7B5A0002F0C2 /* Info.plist */,
			);
			path = iOS;
			sourceTree = "<group>";
		};
		08158BAD24CB7B5A0002F0C2 /* macOS */ = {
			isa = PBXGroup;
			children = (
				08158BAE24CB7B5A0002F0C2 /* Info.plist */,
				08158BAF24CB7B5A0002F0C2 /* macOS.entitlements */,
			);
			path = macOS;
			sourceTree = "<group>";
		};
/* End PBXGroup section */

/* Begin PBXNativeTarget section */
		08158BA324CB7B5A0002F0C2 /* MyVeggies (iOS) */ = {
			isa = PBXNativeTarget;
			buildConfigurationList = 08158BB824CB7B5A0002F0C2 /* Build configuration list for PBXNativeTarget "MyVeggies (iOS)" */;
			buildPhases = (
				08158BA024CB7B5A0002F0C2 /* Sources */,
				08158BA124CB7B5A0002F0C2 /* Frameworks */,
				08158BA224CB7B5A0002F0C2 /* Resources */,
			);
			buildRules = (
			);
			dependencies = (
			);
			name = "MyVeggies (iOS)";
			productName = "MyVeggies (iOS)";
			productReference = 08158BA424CB7B5A0002F0C2 /* MyVeggies.app */;
			productType = "com.apple.product-type.application";
		};
		08158BAB24CB7B5A0002F0C2 /* MyVeggies (macOS) */ = {
			isa = PBXNativeTarget;
			buildConfigurationList = 08158BBB24CB7B5A0002F0C2 /* Build configuration list for PBXNativeTarget "MyVeggies (macOS)" */;
			buildPhases = (
				08158BA824CB7B5A0002F0C2 /* Sources */,
				08158BA924CB7B5A0002F0C2 /* Frameworks */,
				08158BAA24CB7B5A0002F0C2 /* Resources */,
			);
			buildRules = (
			);
			dependencies = (
			);
			name = "MyVeggies (macOS)";
			productName = "MyVeggies (macOS)";
			productReference = 08158BAC24CB7B5A0002F0C2 /* MyVeggies.app */;
			productType = "com.apple.product-type.application";
		};
/* End PBXNativeTarget section */

/* Begin PBXProject section */
		08158B9824CB7B580002F0C2 /* Project object */ = {
			isa = PBXProject;
			attributes = {
				LastSwiftUpdateCheck = 1200;
				LastUpgradeCheck = 1200;
				TargetAttributes = {
					08158BA324CB7B5A0002F0C2 = {
						CreatedOnToolsVersion = 12.0;
					};
					08158BAB24CB7B5A0002F0C2 = {
						CreatedOnToolsVersion = 12.0;
					};
				};
			};
			buildConfigurationList = 08158B9B24CB7B580002F0C2 /* Build configuration list for PBXProject "MyVeggies" */;
			compatibilityVersion = "Xcode 9.3";
			developmentRegion = en;
			hasScannedForEncodings = 0;
			knownRegions = (
				en,
				Base,
			);
			mainGroup = 08158B9724CB7B580002F0C2;
			productRefGroup = 08158BA524CB7B5A0002F0C2 /* Products */;
			projectDirPath = "";
			projectRoot = "";
			targets = (
				08158BA324CB7B5A0002F0C2 /* MyVeggies (iOS) */,
				08158BAB24CB7B5A0002F0C2 /* MyVeggies (macOS) */,
			);
		};
/* End PBXProject section */

/* Begin PBXResourcesBuildPhase section */
		08158BA224CB7B5A0002F0C2 /* Resources */ = {
			isa = PBXResourcesBuildPhase;
			buildActionMask = 2147483647;
			files = (
				08158BB424CB7B5A0002F0C2 /* Assets.xcassets in Resources */,
			);
			runOnlyForDeploymentPostprocessing = 0;
		};
		08158BAA24CB7B5A0002F0C2 /* Resources */ = {
			isa = PBXResourcesBuildPhase;
			buildActionMask = 2147483647;
			files = (
				08158BB524CB7B5A0002F0C2 /* Assets.xcassets in Resources */,
			);
			runOnlyForDeploymentPostprocessing = 0;
		};
/* End PBXResourcesBuildPhase section */

/* Begin PBXSourcesBuildPhase section */
		08158BA024CB7B5A0002F0C2 /* Sources */ = {
			isa = PBXSourcesBuildPhase;
			buildActionMask = 2147483647;
			files = (
				08158BB224CB7B5A0002F0C2 /* ContentView.swift in Sources */,
				08158BC224CB7BA90002F0C2 /* CategoryType.swift in Sources */,
				08158BCE24CB7EC00002F0C2 /* GridItemView.swift in Sources */,
				08158BC524CB7BC10002F0C2 /* Datas.swift in Sources */,
				08158BB024CB7B5A0002F0C2 /* MyVeggiesApp.swift in Sources */,
				08158BCB24CB7D090002F0C2 /* BottomView.swift in Sources */,
				08158BC824CB7C140002F0C2 /* BottomItemView.swift in Sources */,
				08158BD124CB7F890002F0C2 /* GridView.swift in Sources */,
				08158BBF24CB7B910002F0C2 /* Article.swift in Sources */,
			);
			runOnlyForDeploymentPostprocessing = 0;
		};
		08158BA824CB7B5A0002F0C2 /* Sources */ = {
			isa = PBXSourcesBuildPhase;
			buildActionMask = 2147483647;
			files = (
				08158BB324CB7B5A0002F0C2 /* ContentView.swift in Sources */,
				08158BC324CB7BA90002F0C2 /* CategoryType.swift in Sources */,
				08158BCF24CB7EC00002F0C2 /* GridItemView.swift in Sources */,
				08158BC624CB7BC10002F0C2 /* Datas.swift in Sources */,
				08158BB124CB7B5A0002F0C2 /* MyVeggiesApp.swift in Sources */,
				08158BCC24CB7D090002F0C2 /* BottomView.swift in Sources */,
				08158BC924CB7C140002F0C2 /* BottomItemView.swift in Sources */,
				08158BD224CB7F890002F0C2 /* GridView.swift in Sources */,
				08158BC024CB7B910002F0C2 /* Article.swift in Sources */,
			);
			runOnlyForDeploymentPostprocessing = 0;
		};
/* End PBXSourcesBuildPhase section */

/* Begin XCBuildConfiguration section */
		08158BB624CB7B5A0002F0C2 /* Debug */ = {
			isa = XCBuildConfiguration;
			buildSettings = {
				ALWAYS_SEARCH_USER_PATHS = NO;
				CLANG_ANALYZER_NONNULL = YES;
				CLANG_ANALYZER_NUMBER_OBJECT_CONVERSION = YES_AGGRESSIVE;
				CLANG_CXX_LANGUAGE_STANDARD = "gnu++14";
				CLANG_CXX_LIBRARY = "libc++";
				CLANG_ENABLE_MODULES = YES;
				CLANG_ENABLE_OBJC_ARC = YES;
				CLANG_ENABLE_OBJC_WEAK = YES;
				CLANG_WARN_BLOCK_CAPTURE_AUTORELEASING = YES;
				CLANG_WARN_BOOL_CONVERSION = YES;
				CLANG_WARN_COMMA = YES;
				CLANG_WARN_CONSTANT_CONVERSION = YES;
				CLANG_WARN_DEPRECATED_OBJC_IMPLEMENTATIONS = YES;
				CLANG_WARN_DIRECT_OBJC_ISA_USAGE = YES_ERROR;
				CLANG_WARN_DOCUMENTATION_COMMENTS = YES;
				CLANG_WARN_EMPTY_BODY = YES;
				CLANG_WARN_ENUM_CONVERSION = YES;
				CLANG_WARN_INFINITE_RECURSION = YES;
				CLANG_WARN_INT_CONVERSION = YES;
				CLANG_WARN_NON_LITERAL_NULL_CONVERSION = YES;
				CLANG_WARN_OBJC_IMPLICIT_RETAIN_SELF = YES;
				CLANG_WARN_OBJC_LITERAL_CONVERSION = YES;
				CLANG_WARN_OBJC_ROOT_CLASS = YES_ERROR;
				CLANG_WARN_QUOTED_INCLUDE_IN_FRAMEWORK_HEADER = YES;
				CLANG_WARN_RANGE_LOOP_ANALYSIS = YES;
				CLANG_WARN_STRICT_PROTOTYPES = YES;
				CLANG_WARN_SUSPICIOUS_MOVE = YES;
				CLANG_WARN_UNGUARDED_AVAILABILITY = YES_AGGRESSIVE;
				CLANG_WARN_UNREACHABLE_CODE = YES;
				CLANG_WARN__DUPLICATE_METHOD_MATCH = YES;
				COPY_PHASE_STRIP = NO;
				DEBUG_INFORMATION_FORMAT = dwarf;
				ENABLE_STRICT_OBJC_MSGSEND = YES;
				ENABLE_TESTABILITY = YES;
				GCC_C_LANGUAGE_STANDARD = gnu11;
				GCC_DYNAMIC_NO_PIC = NO;
				GCC_NO_COMMON_BLOCKS = YES;
				GCC_OPTIMIZATION_LEVEL = 0;
				GCC_PREPROCESSOR_DEFINITIONS = (
					"DEBUG=1",
					"$(inherited)",
				);
				GCC_WARN_64_TO_32_BIT_CONVERSION = YES;
				GCC_WARN_ABOUT_RETURN_TYPE = YES_ERROR;
				GCC_WARN_UNDECLARED_SELECTOR = YES;
				GCC_WARN_UNINITIALIZED_AUTOS = YES_AGGRESSIVE;
				GCC_WARN_UNUSED_FUNCTION = YES;
				GCC_WARN_UNUSED_VARIABLE = YES;
				MTL_ENABLE_DEBUG_INFO = INCLUDE_SOURCE;
				MTL_FAST_MATH = YES;
				ONLY_ACTIVE_ARCH = YES;
				SWIFT_ACTIVE_COMPILATION_CONDITIONS = DEBUG;
				SWIFT_OPTIMIZATION_LEVEL = "-Onone";
			};
			name = Debug;
		};
		08158BB724CB7B5A0002F0C2 /* Release */ = {
			isa = XCBuildConfiguration;
			buildSettings = {
				ALWAYS_SEARCH_USER_PATHS = NO;
				CLANG_ANALYZER_NONNULL = YES;
				CLANG_ANALYZER_NUMBER_OBJECT_CONVERSION = YES_AGGRESSIVE;
				CLANG_CXX_LANGUAGE_STANDARD = "gnu++14";
				CLANG_CXX_LIBRARY = "libc++";
				CLANG_ENABLE_MODULES = YES;
				CLANG_ENABLE_OBJC_ARC = YES;
				CLANG_ENABLE_OBJC_WEAK = YES;
				CLANG_WARN_BLOCK_CAPTURE_AUTORELEASING = YES;
				CLANG_WARN_BOOL_CONVERSION = YES;
				CLANG_WARN_COMMA = YES;
				CLANG_WARN_CONSTANT_CONVERSION = YES;
				CLANG_WARN_DEPRECATED_OBJC_IMPLEMENTATIONS = YES;
				CLANG_WARN_DIRECT_OBJC_ISA_USAGE = YES_ERROR;
				CLANG_WARN_DOCUMENTATION_COMMENTS = YES;
				CLANG_WARN_EMPTY_BODY = YES;
				CLANG_WARN_ENUM_CONVERSION = YES;
				CLANG_WARN_INFINITE_RECURSION = YES;
				CLANG_WARN_INT_CONVERSION = YES;
				CLANG_WARN_NON_LITERAL_NULL_CONVERSION = YES;
				CLANG_WARN_OBJC_IMPLICIT_RETAIN_SELF = YES;
				CLANG_WARN_OBJC_LITERAL_CONVERSION = YES;
				CLANG_WARN_OBJC_ROOT_CLASS = YES_ERROR;
				CLANG_WARN_QUOTED_INCLUDE_IN_FRAMEWORK_HEADER = YES;
				CLANG_WARN_RANGE_LOOP_ANALYSIS = YES;
				CLANG_WARN_STRICT_PROTOTYPES = YES;
				CLANG_WARN_SUSPICIOUS_MOVE = YES;
				CLANG_WARN_UNGUARDED_AVAILABILITY = YES_AGGRESSIVE;
				CLANG_WARN_UNREACHABLE_CODE = YES;
				CLANG_WARN__DUPLICATE_METHOD_MATCH = YES;
				COPY_PHASE_STRIP = NO;
				DEBUG_INFORMATION_FORMAT = "dwarf-with-dsym";
				ENABLE_NS_ASSERTIONS = NO;
				ENABLE_STRICT_OBJC_MSGSEND = YES;
				GCC_C_LANGUAGE_STANDARD = gnu11;
				GCC_NO_COMMON_BLOCKS = YES;
				GCC_WARN_64_TO_32_BIT_CONVERSION = YES;
				GCC_WARN_ABOUT_RETURN_TYPE = YES_ERROR;
				GCC_WARN_UNDECLARED_SELECTOR = YES;
				GCC_WARN_UNINITIALIZED_AUTOS = YES_AGGRESSIVE;
				GCC_WARN_UNUSED_FUNCTION = YES;
				GCC_WARN_UNUSED_VARIABLE = YES;
				MTL_ENABLE_DEBUG_INFO = NO;
				MTL_FAST_MATH = YES;
				SWIFT_COMPILATION_MODE = wholemodule;
				SWIFT_OPTIMIZATION_LEVEL = "-O";
			};
			name = Release;
		};
		08158BB924CB7B5A0002F0C2 /* Debug */ = {
			isa = XCBuildConfiguration;
			buildSettings = {
				ASSETCATALOG_COMPILER_APPICON_NAME = AppIcon;
				ASSETCATALOG_COMPILER_GLOBAL_ACCENT_COLOR_NAME = AccentColor;
				CODE_SIGN_STYLE = Automatic;
				DEVELOPMENT_TEAM = Q3T485N255;
				ENABLE_PREVIEWS = YES;
				INFOPLIST_FILE = iOS/Info.plist;
				IPHONEOS_DEPLOYMENT_TARGET = 14.0;
				LD_RUNPATH_SEARCH_PATHS = (
					"$(inherited)",
					"@executable_path/Frameworks",
				);
				PRODUCT_BUNDLE_IDENTIFIER = com.codabee.MyVeggies;
				PRODUCT_NAME = MyVeggies;
				SDKROOT = iphoneos;
				SWIFT_VERSION = 5.0;
				TARGETED_DEVICE_FAMILY = "1,2";
			};
			name = Debug;
		};
		08158BBA24CB7B5A0002F0C2 /* Release */ = {
			isa = XCBuildConfiguration;
			buildSettings = {
				ASSETCATALOG_COMPILER_APPICON_NAME = AppIcon;
				ASSETCATALOG_COMPILER_GLOBAL_ACCENT_COLOR_NAME = AccentColor;
				CODE_SIGN_STYLE = Automatic;
				DEVELOPMENT_TEAM = Q3T485N255;
				ENABLE_PREVIEWS = YES;
				INFOPLIST_FILE = iOS/Info.plist;
				IPHONEOS_DEPLOYMENT_TARGET = 14.0;
				LD_RUNPATH_SEARCH_PATHS = (
					"$(inherited)",
					"@executable_path/Frameworks",
				);
				PRODUCT_BUNDLE_IDENTIFIER = com.codabee.MyVeggies;
				PRODUCT_NAME = MyVeggies;
				SDKROOT = iphoneos;
				SWIFT_VERSION = 5.0;
				TARGETED_DEVICE_FAMILY = "1,2";
				VALIDATE_PRODUCT = YES;
			};
			name = Release;
		};
		08158BBC24CB7B5A0002F0C2 /* Debug */ = {
			isa = XCBuildConfiguration;
			buildSettings = {
				ASSETCATALOG_COMPILER_APPICON_NAME = AppIcon;
				ASSETCATALOG_COMPILER_GLOBAL_ACCENT_COLOR_NAME = AccentColor;
				CODE_SIGN_ENTITLEMENTS = macOS/macOS.entitlements;
				CODE_SIGN_STYLE = Automatic;
				COMBINE_HIDPI_IMAGES = YES;
				DEVELOPMENT_TEAM = Q3T485N255;
				ENABLE_HARDENED_RUNTIME = YES;
				ENABLE_PREVIEWS = YES;
				INFOPLIST_FILE = macOS/Info.plist;
				LD_RUNPATH_SEARCH_PATHS = (
					"$(inherited)",
					"@executable_path/../Frameworks",
				);
				MACOSX_DEPLOYMENT_TARGET = 11.0;
				PRODUCT_BUNDLE_IDENTIFIER = com.codabee.MyVeggies;
				PRODUCT_NAME = MyVeggies;
				SDKROOT = macosx;
				SWIFT_VERSION = 5.0;
			};
			name = Debug;
		};
		08158BBD24CB7B5A0002F0C2 /* Release */ = {
			isa = XCBuildConfiguration;
			buildSettings = {
				ASSETCATALOG_COMPILER_APPICON_NAME = AppIcon;
				ASSETCATALOG_COMPILER_GLOBAL_ACCENT_COLOR_NAME = AccentColor;
				CODE_SIGN_ENTITLEMENTS = macOS/macOS.entitlements;
				CODE_SIGN_STYLE = Automatic;
				COMBINE_HIDPI_IMAGES = YES;
				DEVELOPMENT_TEAM = Q3T485N255;
				ENABLE_HARDENED_RUNTIME = YES;
				ENABLE_PREVIEWS = YES;
				INFOPLIST_FILE = macOS/Info.plist;
				LD_RUNPATH_SEARCH_PATHS = (
					"$(inherited)",
					"@executable_path/../Frameworks",
				);
				MACOSX_DEPLOYMENT_TARGET = 11.0;
				PRODUCT_BUNDLE_IDENTIFIER = com.codabee.MyVeggies;
				PRODUCT_NAME = MyVeggies;
				SDKROOT = macosx;
				SWIFT_VERSION = 5.0;
			};
			name = Release;
		};
/* End XCBuildConfiguration section */

/* Begin XCConfigurationList section */
		08158B9B24CB7B580002F0C2 /* Build configuration list for PBXProject "MyVeggies" */ = {
			isa = XCConfigurationList;
			buildConfigurations = (
				08158BB624CB7B5A0002F0C2 /* Debug */,
				08158BB724CB7B5A0002F0C2 /* Release */,
			);
			defaultConfigurationIsVisible = 0;
			defaultConfigurationName = Release;
		};
		08158BB824CB7B5A0002F0C2 /* Build configuration list for PBXNativeTarget "MyVeggies (iOS)" */ = {
			isa = XCConfigurationList;
			buildConfigurations = (
				08158BB924CB7B5A0002F0C2 /* Debug */,
				08158BBA24CB7B5A0002F0C2 /* Release */,
			);
			defaultConfigurationIsVisible = 0;
			defaultConfigurationName = Release;
		};
		08158BBB24CB7B5A0002F0C2 /* Build configuration list for PBXNativeTarget "MyVeggies (macOS)" */ = {
			isa = XCConfigurationList;
			buildConfigurations = (
				08158BBC24CB7B5A0002F0C2 /* Debug */,
				08158BBD24CB7B5A0002F0C2 /* Release */,
			);
			defaultConfigurationIsVisible = 0;
			defaultConfigurationName = Release;
		};
/* End XCConfigurationList section */
	};
	rootObject = 08158B9824CB7B580002F0C2 /* Project object */;
}
